
Microsoft Visual Studio Solution File, Format Version 12.00
# Visual Studio 14
VisualStudioVersion = 14.0.25420.1
MinimumVisualStudioVersion = 10.0.40219.1
Project("{F2A71F9B-5D33-465A-A702-920D77279786}") = "Nat", "Nat\Nat.fsproj", "{0C934808-0EF6-4691-9B5C-6BB6234DCCD7}"
EndProject
Project("{F2A71F9B-5D33-465A-A702-920D77279786}") = "CompareNat1", "CompareNat1\CompareNat1.fsproj", "{C5AC1403-7DAA-404A-8FFF-7D55A4FD4DE7}"
EndProject
Project("{F2A71F9B-5D33-465A-A702-920D77279786}") = "CompareNat2", "CompareNat2\CompareNat2.fsproj", "{43F8B6EC-F9AB-4BE8-8A81-B10EE8EED20B}"
EndProject
Project("{F2A71F9B-5D33-465A-A702-920D77279786}") = "CompareNat3", "CompareNat3\CompareNat3.fsproj", "{DADB6811-88CC-4283-8F7C-DE3997A5303F}"
EndProject
Project("{F2A71F9B-5D33-465A-A702-920D77279786}") = "EvalNatExp", "EvalNatExp\EvalNatExp.fsproj", "{8B9F3E2B-155B-4130-93B2-7A4F3FC8BE47}"
EndProject
Project("{F2A71F9B-5D33-465A-A702-920D77279786}") = "ReduceNatExp", "ReduceNatExp\ReduceNatExp.fsproj", "{8487F84F-6665-4543-BDD7-284040A4009E}"
EndProject
Project("{F2A71F9B-5D33-465A-A702-920D77279786}") = "EvalML1", "EvalML1\EvalML1.fsproj", "{E52F1BD4-31C9-46C9-B21C-B875257ADB15}"
EndProject
Project("{F2A71F9B-5D33-465A-A702-920D77279786}") = "EvalML1Err", "EvalML1Err\EvalML1Err.fsproj", "{5F54CFEF-4871-47E1-9569-538D0DE35935}"
EndProject
Project("{F2A71F9B-5D33-465A-A702-920D77279786}") = "EvalML2", "EvalML2\EvalML2.fsproj", "{5D0BD305-005A-4A48-A2F0-BDA730DE863C}"
EndProject
Project("{F2A71F9B-5D33-465A-A702-920D77279786}") = "EvalML3", "EvalML3\EvalML3.fsproj", "{1140175B-C677-4073-AA83-241942FE1DC7}"
EndProject
Project("{F2A71F9B-5D33-465A-A702-920D77279786}") = "EvalML4", "EvalML4\EvalML4.fsproj", "{EFD8AC8A-77DF-42DB-BEFC-4D9A775C9319}"
EndProject
Project("{F2A71F9B-5D33-465A-A702-920D77279786}") = "TypingML4", "TypingML4\TypingML4.fsproj", "{A56E15F7-4960-4545-8760-18B6F8851C10}"
EndProject
Project("{F2A71F9B-5D33-465A-A702-920D77279786}") = "test", "test\test.fsproj", "{33A98DDC-BA3B-4441-AA8B-AC4398D80CEF}"
EndProject
Global
	GlobalSection(SolutionConfigurationPlatforms) = preSolution
		Debug|Any CPU = Debug|Any CPU
		Release|Any CPU = Release|Any CPU
	EndGlobalSection
	GlobalSection(ProjectConfigurationPlatforms) = postSolution
		{0C934808-0EF6-4691-9B5C-6BB6234DCCD7}.Debug|Any CPU.ActiveCfg = Debug|Any CPU
		{0C934808-0EF6-4691-9B5C-6BB6234DCCD7}.Debug|Any CPU.Build.0 = Debug|Any CPU
		{0C934808-0EF6-4691-9B5C-6BB6234DCCD7}.Release|Any CPU.ActiveCfg = Release|Any CPU
		{0C934808-0EF6-4691-9B5C-6BB6234DCCD7}.Release|Any CPU.Build.0 = Release|Any CPU
		{C5AC1403-7DAA-404A-8FFF-7D55A4FD4DE7}.Debug|Any CPU.ActiveCfg = Debug|Any CPU
		{C5AC1403-7DAA-404A-8FFF-7D55A4FD4DE7}.Debug|Any CPU.Build.0 = Debug|Any CPU
		{C5AC1403-7DAA-404A-8FFF-7D55A4FD4DE7}.Release|Any CPU.ActiveCfg = Release|Any CPU
		{C5AC1403-7DAA-404A-8FFF-7D55A4FD4DE7}.Release|Any CPU.Build.0 = Release|Any CPU
		{43F8B6EC-F9AB-4BE8-8A81-B10EE8EED20B}.Debug|Any CPU.ActiveCfg = Debug|Any CPU
		{43F8B6EC-F9AB-4BE8-8A81-B10EE8EED20B}.Debug|Any CPU.Build.0 = Debug|Any CPU
		{43F8B6EC-F9AB-4BE8-8A81-B10EE8EED20B}.Release|Any CPU.ActiveCfg = Release|Any CPU
		{43F8B6EC-F9AB-4BE8-8A81-B10EE8EED20B}.Release|Any CPU.Build.0 = Release|Any CPU
		{DADB6811-88CC-4283-8F7C-DE3997A5303F}.Debug|Any CPU.ActiveCfg = Debug|Any CPU
		{DADB6811-88CC-4283-8F7C-DE3997A5303F}.Debug|Any CPU.Build.0 = Debug|Any CPU
		{DADB6811-88CC-4283-8F7C-DE3997A5303F}.Release|Any CPU.ActiveCfg = Release|Any CPU
		{DADB6811-88CC-4283-8F7C-DE3997A5303F}.Release|Any CPU.Build.0 = Release|Any CPU
		{8B9F3E2B-155B-4130-93B2-7A4F3FC8BE47}.Debug|Any CPU.ActiveCfg = Debug|Any CPU
		{8B9F3E2B-155B-4130-93B2-7A4F3FC8BE47}.Debug|Any CPU.Build.0 = Debug|Any CPU
		{8B9F3E2B-155B-4130-93B2-7A4F3FC8BE47}.Release|Any CPU.ActiveCfg = Release|Any CPU
		{8B9F3E2B-155B-4130-93B2-7A4F3FC8BE47}.Release|Any CPU.Build.0 = Release|Any CPU
		{8487F84F-6665-4543-BDD7-284040A4009E}.Debug|Any CPU.ActiveCfg = Debug|Any CPU
		{8487F84F-6665-4543-BDD7-284040A4009E}.Debug|Any CPU.Build.0 = Debug|Any CPU
		{8487F84F-6665-4543-BDD7-284040A4009E}.Release|Any CPU.ActiveCfg = Release|Any CPU
		{8487F84F-6665-4543-BDD7-284040A4009E}.Release|Any CPU.Build.0 = Release|Any CPU
		{E52F1BD4-31C9-46C9-B21C-B875257ADB15}.Debug|Any CPU.ActiveCfg = Debug|Any CPU
		{E52F1BD4-31C9-46C9-B21C-B875257ADB15}.Debug|Any CPU.Build.0 = Debug|Any CPU
		{E52F1BD4-31C9-46C9-B21C-B875257ADB15}.Release|Any CPU.ActiveCfg = Release|Any CPU
		{E52F1BD4-31C9-46C9-B21C-B875257ADB15}.Release|Any CPU.Build.0 = Release|Any CPU
		{5F54CFEF-4871-47E1-9569-538D0DE35935}.Debug|Any CPU.ActiveCfg = Debug|Any CPU
		{5F54CFEF-4871-47E1-9569-538D0DE35935}.Debug|Any CPU.Build.0 = Debug|Any CPU
		{5F54CFEF-4871-47E1-9569-538D0DE35935}.Release|Any CPU.ActiveCfg = Release|Any CPU
		{5F54CFEF-4871-47E1-9569-538D0DE35935}.Release|Any CPU.Build.0 = Release|Any CPU
		{5D0BD305-005A-4A48-A2F0-BDA730DE863C}.Debug|Any CPU.ActiveCfg = Debug|Any CPU
		{5D0BD305-005A-4A48-A2F0-BDA730DE863C}.Debug|Any CPU.Build.0 = Debug|Any CPU
		{5D0BD305-005A-4A48-A2F0-BDA730DE863C}.Release|Any CPU.ActiveCfg = Release|Any CPU
		{5D0BD305-005A-4A48-A2F0-BDA730DE863C}.Release|Any CPU.Build.0 = Release|Any CPU
		{1140175B-C677-4073-AA83-241942FE1DC7}.Debug|Any CPU.ActiveCfg = Debug|Any CPU
		{1140175B-C677-4073-AA83-241942FE1DC7}.Debug|Any CPU.Build.0 = Debug|Any CPU
		{1140175B-C677-4073-AA83-241942FE1DC7}.Release|Any CPU.ActiveCfg = Release|Any CPU
		{1140175B-C677-4073-AA83-241942FE1DC7}.Release|Any CPU.Build.0 = Release|Any CPU
		{EFD8AC8A-77DF-42DB-BEFC-4D9A775C9319}.Debug|Any CPU.ActiveCfg = Debug|Any CPU
		{EFD8AC8A-77DF-42DB-BEFC-4D9A775C9319}.Debug|Any CPU.Build.0 = Debug|Any CPU
		{EFD8AC8A-77DF-42DB-BEFC-4D9A775C9319}.Release|Any CPU.ActiveCfg = Release|Any CPU
		{EFD8AC8A-77DF-42DB-BEFC-4D9A775C9319}.Release|Any CPU.Build.0 = Release|Any CPU
		{A56E15F7-4960-4545-8760-18B6F8851C10}.Debug|Any CPU.ActiveCfg = Debug|Any CPU
		{A56E15F7-4960-4545-8760-18B6F8851C10}.Debug|Any CPU.Build.0 = Debug|Any CPU
		{A56E15F7-4960-4545-8760-18B6F8851C10}.Release|Any CPU.ActiveCfg = Release|Any CPU
		{A56E15F7-4960-4545-8760-18B6F8851C10}.Release|Any CPU.Build.0 = Release|Any CPU
		{33A98DDC-BA3B-4441-AA8B-AC4398D80CEF}.Debug|Any CPU.ActiveCfg = Debug|Any CPU
		{33A98DDC-BA3B-4441-AA8B-AC4398D80CEF}.Debug|Any CPU.Build.0 = Debug|Any CPU
		{33A98DDC-BA3B-4441-AA8B-AC4398D80CEF}.Release|Any CPU.ActiveCfg = Release|Any CPU
		{33A98DDC-BA3B-4441-AA8B-AC4398D80CEF}.Release|Any CPU.Build.0 = Release|Any CPU
	EndGlobalSection
	GlobalSection(SolutionProperties) = preSolution
		HideSolutionNode = FALSE
	EndGlobalSection
EndGlobal
